
Microsoft Visual Studio Solution File, Format Version 12.00
# Visual Studio Version 17
VisualStudioVersion = 17.4.33213.308
MinimumVisualStudioVersion = 10.0.40219.1
Project("{FAE04EC0-301F-11D3-BF4B-00C04F79EFBC}") = "HotworxMongo", "HotworxMongo.csproj", "{7DC36840-61D4-4864-BC64-E8DF76C3670C}"
EndProject
Global
	GlobalSection(SolutionConfigurationPlatforms) = preSolution
		Debug|Any CPU = Debug|Any CPU
		Release|Any CPU = Release|Any CPU
	EndGlobalSection
	GlobalSection(ProjectConfigurationPlatforms) = postSolution
		{7DC36840-61D4-4864-BC64-E8DF76C3670C}.Debug|Any CPU.ActiveCfg = Debug|Any CPU
		{7DC36840-61D4-4864-BC64-E8DF76C3670C}.Debug|Any CPU.Build.0 = Debug|Any CPU
		{7DC36840-61D4-4864-BC64-E8DF76C3670C}.Release|Any CPU.ActiveCfg = Release|Any CPU
		{7DC36840-61D4-4864-BC64-E8DF76C3670C}.Release|Any CPU.Build.0 = Release|Any CPU
	EndGlobalSection
	GlobalSection(SolutionProperties) = preSolution
		HideSolutionNode = FALSE
	EndGlobalSection
	GlobalSection(ExtensibilityGlobals) = postSolution
		SolutionGuid = {0B8772E4-53CA-482E-A498-28E06423C722}
	EndGlobalSection
EndGlobal
